// !$*UTF8*$!
{
	archiveVersion = 1;
	classes = {
	};
	objectVersion = 48;
	objects = {

/* Begin PBXBuildFile section */
		AE0BA1C31FE9955000346046 /* AppDelegate.swift in Sources */ = {isa = PBXBuildFile; fileRef = AE0BA1C21FE9955000346046 /* AppDelegate.swift */; };
		AE0BA1C81FE9955000346046 /* Main.storyboard in Resources */ = {isa = PBXBuildFile; fileRef = AE0BA1C61FE9955000346046 /* Main.storyboard */; };
		AE0BA1CA1FE9955000346046 /* Assets.xcassets in Resources */ = {isa = PBXBuildFile; fileRef = AE0BA1C91FE9955000346046 /* Assets.xcassets */; };
		AE0BA1CD1FE9955000346046 /* LaunchScreen.storyboard in Resources */ = {isa = PBXBuildFile; fileRef = AE0BA1CB1FE9955000346046 /* LaunchScreen.storyboard */; };
		AEF20C8B22A58A43009E0D86 /* Weather.swift in Sources */ = {isa = PBXBuildFile; fileRef = AEF20C8A22A58A43009E0D86 /* Weather.swift */; };
		AEF20C8D22A58A75009E0D86 /* WeatherVC.swift in Sources */ = {isa = PBXBuildFile; fileRef = AEF20C8C22A58A75009E0D86 /* WeatherVC.swift */; };
		AEF20C8F22A58A9A009E0D86 /* WeatherVM.swift in Sources */ = {isa = PBXBuildFile; fileRef = AEF20C8E22A58A9A009E0D86 /* WeatherVM.swift */; };
/* End PBXBuildFile section */

/* Begin PBXFileReference section */
		AE0BA1BF1FE9955000346046 /* TTS_Weather.app */ = {isa = PBXFileReference; explicitFileType = wrapper.application; includeInIndex = 0; path = TTS_Weather.app; sourceTree = BUILT_PRODUCTS_DIR; };
		AE0BA1C21FE9955000346046 /* AppDelegate.swift */ = {isa = PBXFileReference; lastKnownFileType = sourcecode.swift; path = AppDelegate.swift; sourceTree = "<group>"; };
		AE0BA1C71FE9955000346046 /* Base */ = {isa = PBXFileReference; lastKnownFileType = file.storyboard; name = Base; path = Base.lproj/Main.storyboard; sourceTree = "<group>"; };
		AE0BA1C91FE9955000346046 /* Assets.xcassets */ = {isa = PBXFileReference; lastKnownFileType = folder.assetcatalog; path = Assets.xcassets; sourceTree = "<group>"; };
		AE0BA1CC1FE9955000346046 /* Base */ = {isa = PBXFileReference; lastKnownFileType = file.storyboard; name = Base; path = Base.lproj/LaunchScreen.storyboard; sourceTree = "<group>"; };
		AE0BA1CE1FE9955000346046 /* Info.plist */ = {isa = PBXFileReference; lastKnownFileType = text.plist.xml; path = Info.plist; sourceTree = "<group>"; };
		AEF20C8A22A58A43009E0D86 /* Weather.swift */ = {isa = PBXFileReference; lastKnownFileType = sourcecode.swift; path = Weather.swift; sourceTree = "<group>"; };
		AEF20C8C22A58A75009E0D86 /* WeatherVC.swift */ = {isa = PBXFileReference; lastKnownFileType = sourcecode.swift; path = WeatherVC.swift; sourceTree = "<group>"; };
		AEF20C8E22A58A9A009E0D86 /* WeatherVM.swift */ = {isa = PBXFileReference; lastKnownFileType = sourcecode.swift; path = WeatherVM.swift; sourceTree = "<group>"; };
/* End PBXFileReference section */

/* Begin PBXFrameworksBuildPhase section */
		AE0BA1BC1FE9955000346046 /* Frameworks */ = {
			isa = PBXFrameworksBuildPhase;
			buildActionMask = 2147483647;
			files = (
			);
			runOnlyForDeploymentPostprocessing = 0;
		};
/* End PBXFrameworksBuildPhase section */

/* Begin PBXGroup section */
		AE0BA1B61FE9955000346046 = {
			isa = PBXGroup;
			children = (
				AE0BA1C11FE9955000346046 /* TTS_Weather */,
				AE0BA1C01FE9955000346046 /* Products */,
			);
			sourceTree = "<group>";
		};
		AE0BA1C01FE9955000346046 /* Products */ = {
			isa = PBXGroup;
			children = (
				AE0BA1BF1FE9955000346046 /* TTS_Weather.app */,
			);
			name = Products;
			sourceTree = "<group>";
		};
		AE0BA1C11FE9955000346046 /* TTS_Weather */ = {
			isa = PBXGroup;
			children = (
				AE0BA1C21FE9955000346046 /* AppDelegate.swift */,
				AEF20C8A22A58A43009E0D86 /* Weather.swift */,
				AEF20C8C22A58A75009E0D86 /* WeatherVC.swift */,
				AEF20C8E22A58A9A009E0D86 /* WeatherVM.swift */,
				AE0BA1C61FE9955000346046 /* Main.storyboard */,
				AE0BA1C91FE9955000346046 /* Assets.xcassets */,
				AE0BA1CB1FE9955000346046 /* LaunchScreen.storyboard */,
				AE0BA1CE1FE9955000346046 /* Info.plist */,
			);
			path = TTS_Weather;
			sourceTree = "<group>";
		};
/* End PBXGroup section */

/* Begin PBXNativeTarget section */
		AE0BA1BE1FE9955000346046 /* TTS_Weather */ = {
			isa = PBXNativeTarget;
			buildConfigurationList = AE0BA1D11FE9955000346046 /* Build configuration list for PBXNativeTarget "TTS_Weather" */;
			buildPhases = (
				AE0BA1BB1FE9955000346046 /* Sources */,
				AE0BA1BC1FE9955000346046 /* Frameworks */,
				AE0BA1BD1FE9955000346046 /* Resources */,
			);
			buildRules = (
			);
			dependencies = (
			);
			name = TTS_Weather;
			productName = TTS_Weather;
			productReference = AE0BA1BF1FE9955000346046 /* TTS_Weather.app */;
			productType = "com.apple.product-type.application";
		};
/* End PBXNativeTarget section */

/* Begin PBXProject section */
		AE0BA1B71FE9955000346046 /* Project object */ = {
			isa = PBXProject;
			attributes = {
				LastSwiftUpdateCheck = 0920;
				LastUpgradeCheck = 0920;
				ORGANIZATIONNAME = KefBytes;
				TargetAttributes = {
					AE0BA1BE1FE9955000346046 = {
						CreatedOnToolsVersion = 9.2;
						LastSwiftMigration = 1020;
						ProvisioningStyle = Automatic;
					};
				};
			};
			buildConfigurationList = AE0BA1BA1FE9955000346046 /* Build configuration list for PBXProject "TTS_Weather" */;
			compatibilityVersion = "Xcode 8.0";
			developmentRegion = en;
			hasScannedForEncodings = 0;
			knownRegions = (
				en,
				Base,
			);
			mainGroup = AE0BA1B61FE9955000346046;
			productRefGroup = AE0BA1C01FE9955000346046 /* Products */;
			projectDirPath = "";
			projectRoot = "";
			targets = (
				AE0BA1BE1FE9955000346046 /* TTS_Weather */,
			);
		};
/* End PBXProject section */

/* Begin PBXResourcesBuildPhase section */
		AE0BA1BD1FE9955000346046 /* Resources */ = {
			isa = PBXResourcesBuildPhase;
			buildActionMask = 2147483647;
			files = (
				AE0BA1CD1FE9955000346046 /* LaunchScreen.storyboard in Resources */,
				AE0BA1CA1FE9955000346046 /* Assets.xcassets in Resources */,
				AE0BA1C81FE9955000346046 /* Main.storyboard in Resources */,
			);
			runOnlyForDeploymentPostprocessing = 0;
		};
/* End PBXResourcesBuildPhase section */

/* Begin PBXSourcesBuildPhase section */
		AE0BA1BB1FE9955000346046 /* Sources */ = {
			isa = PBXSourcesBuildPhase;
			buildActionMask = 2147483647;
			files = (
				AEF20C8B22A58A43009E0D86 /* Weather.swift in Sources */,
				AEF20C8F22A58A9A009E0D86 /* WeatherVM.swift in Sources */,
				AEF20C8D22A58A75009E0D86 /* WeatherVC.swift in Sources */,
				AE0BA1C31FE9955000346046 /* AppDelegate.swift in Sources */,
			);
			runOnlyForDeploymentPostprocessing = 0;
		};
/* End PBXSourcesBuildPhase section */

/* Begin PBXVariantGroup section */
		AE0BA1C61FE9955000346046 /* Main.storyboard */ = {
			isa = PBXVariantGroup;
			children = (
				AE0BA1C71FE9955000346046 /* Base */,
			);
			name = Main.storyboard;
			sourceTree = "<group>";
		};
		AE0BA1CB1FE9955000346046 /* LaunchScreen.storyboard */ = {
			isa = PBXVariantGroup;
			children = (
				AE0BA1CC1FE9955000346046 /* Base */,
			);
			name = LaunchScreen.storyboard;
			sourceTree = "<group>";
		};
/* End PBXVariantGroup section */

/* Begin XCBuildConfiguration section */
		AE0BA1CF1FE9955000346046 /* Debug */ = {
			isa = XCBuildConfiguration;
			buildSettings = {
				ALWAYS_SEARCH_USER_PATHS = NO;
				CLANG_ANALYZER_NONNULL = YES;
				CLANG_ANALYZER_NUMBER_OBJECT_CONVERSION = YES_AGGRESSIVE;
				CLANG_CXX_LANGUAGE_STANDARD = "gnu++14";
				CLANG_CXX_LIBRARY = "libc++";
				CLANG_ENABLE_MODULES = YES;
				CLANG_ENABLE_OBJC_ARC = YES;
				CLANG_WARN_BLOCK_CAPTURE_AUTORELEASING = YES;
				CLANG_WARN_BOOL_CONVERSION = YES;
				CLANG_WARN_COMMA = YES;
				CLANG_WARN_CONSTANT_CONVERSION = YES;
				CLANG_WARN_DIRECT_OBJC_ISA_USAGE = YES_ERROR;
				CLANG_WARN_DOCUMENTATION_COMMENTS = YES;
				CLANG_WARN_EMPTY_BODY = YES;
				CLANG_WARN_ENUM_CONVERSION = YES;
				CLANG_WARN_INFINITE_RECURSION = YES;
				CLANG_WARN_INT_CONVERSION = YES;
				CLANG_WARN_NON_LITERAL_NULL_CONVERSION = YES;
				CLANG_WARN_OBJC_LITERAL_CONVERSION = YES;
				CLANG_WARN_OBJC_ROOT_CLASS = YES_ERROR;
				CLANG_WARN_RANGE_LOOP_ANALYSIS = YES;
				CLANG_WARN_STRICT_PROTOTYPES = YES;
				CLANG_WARN_SUSPICIOUS_MOVE = YES;
				CLANG_WARN_UNGUARDED_AVAILABILITY = YES_AGGRESSIVE;
				CLANG_WARN_UNREACHABLE_CODE = YES;
				CLANG_WARN__DUPLICATE_METHOD_MATCH = YES;
				CODE_SIGN_IDENTITY = "iPhone Developer";
				COPY_PHASE_STRIP = NO;
				DEBUG_INFORMATION_FORMAT = dwarf;
				ENABLE_STRICT_OBJC_MSGSEND = YES;
				ENABLE_TESTABILITY = YES;
				GCC_C_LANGUAGE_STANDARD = gnu11;
				GCC_DYNAMIC_NO_PIC = NO;
				GCC_NO_COMMON_BLOCKS = YES;
				GCC_OPTIMIZATION_LEVEL = 0;
				GCC_PREPROCESSOR_DEFINITIONS = (
					"DEBUG=1",
					"$(inherited)",
				);
				GCC_WARN_64_TO_32_BIT_CONVERSION = YES;
				GCC_WARN_ABOUT_RETURN_TYPE = YES_ERROR;
				GCC_WARN_UNDECLARED_SELECTOR = YES;
				GCC_WARN_UNINITIALIZED_AUTOS = YES_AGGRESSIVE;
				GCC_WARN_UNUSED_FUNCTION = YES;
				GCC_WARN_UNUSED_VARIABLE = YES;
				IPHONEOS_DEPLOYMENT_TARGET = 11.2;
				MTL_ENABLE_DEBUG_INFO = YES;
				ONLY_ACTIVE_ARCH = YES;
				SDKROOT = iphoneos;
				SWIFT_ACTIVE_COMPILATION_CONDITIONS = DEBUG;
				SWIFT_OPTIMIZATION_LEVEL = "-Onone";
			};
			name = Debug;
		};
		AE0BA1D01FE9955000346046 /* Release */ = {
			isa = XCBuildConfiguration;
			buildSettings = {
				ALWAYS_SEARCH_USER_PATHS = NO;
				CLANG_ANALYZER_NONNULL = YES;
				CLANG_ANALYZER_NUMBER_OBJECT_CONVERSION = YES_AGGRESSIVE;
				CLANG_CXX_LANGUAGE_STANDARD = "gnu++14";
				CLANG_CXX_LIBRARY = "libc++";
				CLANG_ENABLE_MODULES = YES;
				CLANG_ENABLE_OBJC_ARC = YES;
				CLANG_WARN_BLOCK_CAPTURE_AUTORELEASING = YES;
				CLANG_WARN_BOOL_CONVERSION = YES;
				CLANG_WARN_COMMA = YES;
				CLANG_WARN_CONSTANT_CONVERSION = YES;
				CLANG_WARN_DIRECT_OBJC_ISA_USAGE = YES_ERROR;
				CLANG_WARN_DOCUMENTATION_COMMENTS = YES;
				CLANG_WARN_EMPTY_BODY = YES;
				CLANG_WARN_ENUM_CONVERSION = YES;
				CLANG_WARN_INFINITE_RECURSION = YES;
				CLANG_WARN_INT_CONVERSION = YES;
				CLANG_WARN_NON_LITERAL_NULL_CONVERSION = YES;
				CLANG_WARN_OBJC_LITERAL_CONVERSION = YES;
				CLANG_WARN_OBJC_ROOT_CLASS = YES_ERROR;
				CLANG_WARN_RANGE_LOOP_ANALYSIS = YES;
				CLANG_WARN_STRICT_PROTOTYPES = YES;
				CLANG_WARN_SUSPICIOUS_MOVE = YES;
				CLANG_WARN_UNGUARDED_AVAILABILITY = YES_AGGRESSIVE;
				CLANG_WARN_UNREACHABLE_CODE = YES;
				CLANG_WARN__DUPLICATE_METHOD_MATCH = YES;
				CODE_SIGN_IDENTITY = "iPhone Developer";
				COPY_PHASE_STRIP = NO;
				DEBUG_INFORMATION_FORMAT = "dwarf-with-dsym";
				ENABLE_NS_ASSERTIONS = NO;
				ENABLE_STRICT_OBJC_MSGSEND = YES;
				GCC_C_LANGUAGE_STANDARD = gnu11;
				GCC_NO_COMMON_BLOCKS = YES;
				GCC_WARN_64_TO_32_BIT_CONVERSION = YES;
				GCC_WARN_ABOUT_RETURN_TYPE = YES_ERROR;
				GCC_WARN_UNDECLARED_SELECTOR = YES;
				GCC_WARN_UNINITIALIZED_AUTOS = YES_AGGRESSIVE;
				GCC_WARN_UNUSED_FUNCTION = YES;
				GCC_WARN_UNUSED_VARIABLE = YES;
				IPHONEOS_DEPLOYMENT_TARGET = 11.2;
				MTL_ENABLE_DEBUG_INFO = NO;
				SDKROOT = iphoneos;
				SWIFT_OPTIMIZATION_LEVEL = "-Owholemodule";
				VALIDATE_PRODUCT = YES;
			};
			name = Release;
		};
		AE0BA1D21FE9955000346046 /* Debug */ = {
			isa = XCBuildConfiguration;
			buildSettings = {
				ASSETCATALOG_COMPILER_APPICON_NAME = AppIcon;
				CODE_SIGN_STYLE = Automatic;
				DEVELOPMENT_TEAM = 46K95RX8SY;
				INFOPLIST_FILE = TTS_Weather/Info.plist;
				LD_RUNPATH_SEARCH_PATHS = "$(inherited) @executable_path/Frameworks";
				PRODUCT_BUNDLE_IDENTIFIER = "com.kefbytes.TTS-Weather";
				PRODUCT_NAME = "$(TARGET_NAME)";
				SWIFT_VERSION = 5.0;
				TARGETED_DEVICE_FAMILY = "1,2";
			};
			name = Debug;
		};
		AE0BA1D31FE9955000346046 /* Release */ = {
			isa = XCBuildConfiguration;
			buildSettings = {
				ASSETCATALOG_COMPILER_APPICON_NAME = AppIcon;
				CODE_SIGN_STYLE = Automatic;
				DEVELOPMENT_TEAM = 46K95RX8SY;
				INFOPLIST_FILE = TTS_Weather/Info.plist;
				LD_RUNPATH_SEARCH_PATHS = "$(inherited) @executable_path/Frameworks";
				PRODUCT_BUNDLE_IDENTIFIER = "com.kefbytes.TTS-Weather";
				PRODUCT_NAME = "$(TARGET_NAME)";
				SWIFT_VERSION = 5.0;
				TARGETED_DEVICE_FAMILY = "1,2";
			};
			name = Release;
		};
/* End XCBuildConfiguration section */

/* Begin XCConfigurationList section */
		AE0BA1BA1FE9955000346046 /* Build configuration list for PBXProject "TTS_Weather" */ = {
			isa = XCConfigurationList;
			buildConfigurations = (
				AE0BA1CF1FE9955000346046 /* Debug */,
				AE0BA1D01FE9955000346046 /* Release */,
			);
			defaultConfigurationIsVisible = 0;
			defaultConfigurationName = Release;
		};
		AE0BA1D11FE9955000346046 /* Build configuration list for PBXNativeTarget "TTS_Weather" */ = {
			isa = XCConfigurationList;
			buildConfigurations = (
				AE0BA1D21FE9955000346046 /* Debug */,
				AE0BA1D31FE9955000346046 /* Release */,
			);
			defaultConfigurationIsVisible = 0;
			defaultConfigurationName = Release;
		};
/* End XCConfigurationList section */
	};
	rootObject = AE0BA1B71FE9955000346046 /* Project object */;
}
